// !$*UTF8*$!
{
	archiveVersion = 1;
	classes = {
	};
	objectVersion = 46;
	objects = {

/* Begin PBXBuildFile section */
		40E745581C4DD8A500BAD49F /* main.m in Sources */ = {isa = PBXBuildFile; fileRef = 40E745571C4DD8A500BAD49F /* main.m */; };
		40E7455B1C4DD8A500BAD49F /* AppDelegate.m in Sources */ = {isa = PBXBuildFile; fileRef = 40E7455A1C4DD8A500BAD49F /* AppDelegate.m */; };
		40E7455E1C4DD8A500BAD49F /* ViewController.m in Sources */ = {isa = PBXBuildFile; fileRef = 40E7455D1C4DD8A500BAD49F /* ViewController.m */; };
		40E745611C4DD8A500BAD49F /* Main.storyboard in Resources */ = {isa = PBXBuildFile; fileRef = 40E7455F1C4DD8A500BAD49F /* Main.storyboard */; };
		40E745631C4DD8A500BAD49F /* Assets.xcassets in Resources */ = {isa = PBXBuildFile; fileRef = 40E745621C4DD8A500BAD49F /* Assets.xcassets */; };
		40E745661C4DD8A500BAD49F /* LaunchScreen.storyboard in Resources */ = {isa = PBXBuildFile; fileRef = 40E745641C4DD8A500BAD49F /* LaunchScreen.storyboard */; };
/* End PBXBuildFile section */

/* Begin PBXFileReference section */
		40E745531C4DD8A500BAD49F /* UIImagePickerController.app */ = {isa = PBXFileReference; explicitFileType = wrapper.application; includeInIndex = 0; path = UIImagePickerController.app; sourceTree = BUILT_PRODUCTS_DIR; };
		40E745571C4DD8A500BAD49F /* main.m */ = {isa = PBXFileReference; lastKnownFileType = sourcecode.c.objc; path = main.m; sourceTree = "<group>"; };
		40E745591C4DD8A500BAD49F /* AppDelegate.h */ = {isa = PBXFileReference; lastKnownFileType = sourcecode.c.h; path = AppDelegate.h; sourceTree = "<group>"; };
		40E7455A1C4DD8A500BAD49F /* AppDelegate.m */ = {isa = PBXFileReference; lastKnownFileType = sourcecode.c.objc; path = AppDelegate.m; sourceTree = "<group>"; };
		40E7455C1C4DD8A500BAD49F /* ViewController.h */ = {isa = PBXFileReference; lastKnownFileType = sourcecode.c.h; path = ViewController.h; sourceTree = "<group>"; };
		40E7455D1C4DD8A500BAD49F /* ViewController.m */ = {isa = PBXFileReference; lastKnownFileType = sourcecode.c.objc; path = ViewController.m; sourceTree = "<group>"; };
		40E745601C4DD8A500BAD49F /* Base */ = {isa = PBXFileReference; lastKnownFileType = file.storyboard; name = Base; path = Base.lproj/Main.storyboard; sourceTree = "<group>"; };
		40E745621C4DD8A500BAD49F /* Assets.xcassets */ = {isa = PBXFileReference; lastKnownFileType = folder.assetcatalog; path = Assets.xcassets; sourceTree = "<group>"; };
		40E745651C4DD8A500BAD49F /* Base */ = {isa = PBXFileReference; lastKnownFileType = file.storyboard; name = Base; path = Base.lproj/LaunchScreen.storyboard; sourceTree = "<group>"; };
		40E745671C4DD8A500BAD49F /* Info.plist */ = {isa = PBXFileReference; lastKnownFileType = text.plist.xml; path = Info.plist; sourceTree = "<group>"; };
/* End PBXFileReference section */

/* Begin PBXFrameworksBuildPhase section */
		40E745501C4DD8A500BAD49F /* Frameworks */ = {
			isa = PBXFrameworksBuildPhase;
			buildActionMask = 2147483647;
			files = (
			);
			runOnlyForDeploymentPostprocessing = 0;
		};
/* End PBXFrameworksBuildPhase section */

/* Begin PBXGroup section */
		40E7454A1C4DD8A400BAD49F = {
			isa = PBXGroup;
			children = (
				40E745551C4DD8A500BAD49F /* UIImagePickerController */,
				40E745541C4DD8A500BAD49F /* Products */,
			);
			sourceTree = "<group>";
		};
		40E745541C4DD8A500BAD49F /* Products */ = {
			isa = PBXGroup;
			children = (
				40E745531C4DD8A500BAD49F /* UIImagePickerController.app */,
			);
			name = Products;
			sourceTree = "<group>";
		};
		40E745551C4DD8A500BAD49F /* UIImagePickerController */ = {
			isa = PBXGroup;
			children = (
				40E745591C4DD8A500BAD49F /* AppDelegate.h */,
				40E7455A1C4DD8A500BAD49F /* AppDelegate.m */,
				40E7455C1C4DD8A500BAD49F /* ViewController.h */,
				40E7455D1C4DD8A500BAD49F /* ViewController.m */,
				40E7455F1C4DD8A500BAD49F /* Main.storyboard */,
				40E745621C4DD8A500BAD49F /* Assets.xcassets */,
				40E745641C4DD8A500BAD49F /* LaunchScreen.storyboard */,
				40E745671C4DD8A500BAD49F /* Info.plist */,
				40E745561C4DD8A500BAD49F /* Supporting Files */,
			);
			path = UIImagePickerController;
			sourceTree = "<group>";
		};
		40E745561C4DD8A500BAD49F /* Supporting Files */ = {
			isa = PBXGroup;
			children = (
				40E745571C4DD8A500BAD49F /* main.m */,
			);
			name = "Supporting Files";
			sourceTree = "<group>";
		};
/* End PBXGroup section */

/* Begin PBXNativeTarget section */
		40E745521C4DD8A500BAD49F /* UIImagePickerController */ = {
			isa = PBXNativeTarget;
			buildConfigurationList = 40E7456A1C4DD8A500BAD49F /* Build configuration list for PBXNativeTarget "UIImagePickerController" */;
			buildPhases = (
				40E7454F1C4DD8A500BAD49F /* Sources */,
				40E745501C4DD8A500BAD49F /* Frameworks */,
				40E745511C4DD8A500BAD49F /* Resources */,
			);
			buildRules = (
			);
			dependencies = (
			);
			name = UIImagePickerController;
			productName = UIImagePickerController;
			productReference = 40E745531C4DD8A500BAD49F /* UIImagePickerController.app */;
			productType = "com.apple.product-type.application";
		};
/* End PBXNativeTarget section */

/* Begin PBXProject section */
		40E7454B1C4DD8A500BAD49F /* Project object */ = {
			isa = PBXProject;
			attributes = {
				LastUpgradeCheck = 0710;
				ORGANIZATIONNAME = Becky;
				TargetAttributes = {
					40E745521C4DD8A500BAD49F = {
						CreatedOnToolsVersion = 7.1.1;
					};
				};
			};
			buildConfigurationList = 40E7454E1C4DD8A500BAD49F /* Build configuration list for PBXProject "UIImagePickerController" */;
			compatibilityVersion = "Xcode 3.2";
			developmentRegion = English;
			hasScannedForEncodings = 0;
			knownRegions = (
				en,
				Base,
			);
			mainGroup = 40E7454A1C4DD8A400BAD49F;
			productRefGroup = 40E745541C4DD8A500BAD49F /* Products */;
			projectDirPath = "";
			projectRoot = "";
			targets = (
				40E745521C4DD8A500BAD49F /* UIImagePickerController */,
			);
		};
/* End PBXProject section */

/* Begin PBXResourcesBuildPhase section */
		40E745511C4DD8A500BAD49F /* Resources */ = {
			isa = PBXResourcesBuildPhase;
			buildActionMask = 2147483647;
			files = (
				40E745661C4DD8A500BAD49F /* LaunchScreen.storyboard in Resources */,
				40E745631C4DD8A500BAD49F /* Assets.xcassets in Resources */,
				40E745611C4DD8A500BAD49F /* Main.storyboard in Resources */,
			);
			runOnlyForDeploymentPostprocessing = 0;
		};
/* End PBXResourcesBuildPhase section */

/* Begin PBXSourcesBuildPhase section */
		40E7454F1C4DD8A500BAD49F /* Sources */ = {
			isa = PBXSourcesBuildPhase;
			buildActionMask = 2147483647;
			files = (
				40E7455E1C4DD8A500BAD49F /* ViewController.m in Sources */,
				40E7455B1C4DD8A500BAD49F /* AppDelegate.m in Sources */,
				40E745581C4DD8A500BAD49F /* main.m in Sources */,
			);
			runOnlyForDeploymentPostprocessing = 0;
		};
/* End PBXSourcesBuildPhase section */

/* Begin PBXVariantGroup section */
		40E7455F1C4DD8A500BAD49F /* Main.storyboard */ = {
			isa = PBXVariantGroup;
			children = (
				40E745601C4DD8A500BAD49F /* Base */,
			);
			name = Main.storyboard;
			sourceTree = "<group>";
		};
		40E745641C4DD8A500BAD49F /* LaunchScreen.storyboard */ = {
			isa = PBXVariantGroup;
			children = (
				40E745651C4DD8A500BAD49F /* Base */,
			);
			name = LaunchScreen.storyboard;
			sourceTree = "<group>";
		};
/* End PBXVariantGroup section */

/* Begin XCBuildConfiguration section */
		40E745681C4DD8A500BAD49F /* Debug */ = {
			isa = XCBuildConfiguration;
			buildSettings = {
				ALWAYS_SEARCH_USER_PATHS = NO;
				CLANG_CXX_LANGUAGE_STANDARD = "gnu++0x";
				CLANG_CXX_LIBRARY = "libc++";
				CLANG_ENABLE_MODULES = YES;
				CLANG_ENABLE_OBJC_ARC = YES;
				CLANG_WARN_BOOL_CONVERSION = YES;
				CLANG_WARN_CONSTANT_CONVERSION = YES;
				CLANG_WARN_DIRECT_OBJC_ISA_USAGE = YES_ERROR;
				CLANG_WARN_EMPTY_BODY = YES;
				CLANG_WARN_ENUM_CONVERSION = YES;
				CLANG_WARN_INT_CONVERSION = YES;
				CLANG_WARN_OBJC_ROOT_CLASS = YES_ERROR;
				CLANG_WARN_UNREACHABLE_CODE = YES;
				CLANG_WARN__DUPLICATE_METHOD_MATCH = YES;
				"CODE_SIGN_IDENTITY[sdk=iphoneos*]" = "iPhone Developer";
				COPY_PHASE_STRIP = NO;
				DEBUG_INFORMATION_FORMAT = dwarf;
				ENABLE_STRICT_OBJC_MSGSEND = YES;
				ENABLE_TESTABILITY = YES;
				GCC_C_LANGUAGE_STANDARD = gnu99;
				GCC_DYNAMIC_NO_PIC = NO;
				GCC_NO_COMMON_BLOCKS = YES;
				GCC_OPTIMIZATION_LEVEL = 0;
				GCC_PREPROCESSOR_DEFINITIONS = (
					"DEBUG=1",
					"$(inherited)",
				);
				GCC_WARN_64_TO_32_BIT_CONVERSION = YES;
				GCC_WARN_ABOUT_RETURN_TYPE = YES_ERROR;
				GCC_WARN_UNDECLARED_SELECTOR = YES;
				GCC_WARN_UNINITIALIZED_AUTOS = YES_AGGRESSIVE;
				GCC_WARN_UNUSED_FUNCTION = YES;
				GCC_WARN_UNUSED_VARIABLE = YES;
				IPHONEOS_DEPLOYMENT_TARGET = 9.1;
				MTL_ENABLE_DEBUG_INFO = YES;
				ONLY_ACTIVE_ARCH = YES;
				SDKROOT = iphoneos;
			};
			name = Debug;
		};
		40E745691C4DD8A500BAD49F /* Release */ = {
			isa = XCBuildConfiguration;
			buildSettings = {
				ALWAYS_SEARCH_USER_PATHS = NO;
				CLANG_CXX_LANGUAGE_STANDARD = "gnu++0x";
				CLANG_CXX_LIBRARY = "libc++";
				CLANG_ENABLE_MODULES = YES;
				CLANG_ENABLE_OBJC_ARC = YES;
				CLANG_WARN_BOOL_CONVERSION = YES;
				CLANG_WARN_CONSTANT_CONVERSION = YES;
				CLANG_WARN_DIRECT_OBJC_ISA_USAGE = YES_ERROR;
				CLANG_WARN_EMPTY_BODY = YES;
				CLANG_WARN_ENUM_CONVERSION = YES;
				CLANG_WARN_INT_CONVERSION = YES;
				CLANG_WARN_OBJC_ROOT_CLASS = YES_ERROR;
				CLANG_WARN_UNREACHABLE_CODE = YES;
				CLANG_WARN__DUPLICATE_METHOD_MATCH = YES;
				"CODE_SIGN_IDENTITY[sdk=iphoneos*]" = "iPhone Developer";
				COPY_PHASE_STRIP = NO;
				DEBUG_INFORMATION_FORMAT = "dwarf-with-dsym";
				ENABLE_NS_ASSERTIONS = NO;
				ENABLE_STRICT_OBJC_MSGSEND = YES;
				GCC_C_LANGUAGE_STANDARD = gnu99;
				GCC_NO_COMMON_BLOCKS = YES;
				GCC_WARN_64_TO_32_BIT_CONVERSION = YES;
				GCC_WARN_ABOUT_RETURN_TYPE = YES_ERROR;
				GCC_WARN_UNDECLARED_SELECTOR = YES;
				GCC_WARN_UNINITIALIZED_AUTOS = YES_AGGRESSIVE;
				GCC_WARN_UNUSED_FUNCTION = YES;
				GCC_WARN_UNUSED_VARIABLE = YES;
				IPHONEOS_DEPLOYMENT_TARGET = 9.1;
				MTL_ENABLE_DEBUG_INFO = NO;
				SDKROOT = iphoneos;
				VALIDATE_PRODUCT = YES;
			};
			name = Release;
		};
		40E7456B1C4DD8A500BAD49F /* Debug */ = {
			isa = XCBuildConfiguration;
			buildSettings = {
				ASSETCATALOG_COMPILER_APPICON_NAME = AppIcon;
				INFOPLIST_FILE = UIImagePickerController/Info.plist;
				LD_RUNPATH_SEARCH_PATHS = "$(inherited) @executable_path/Frameworks";
				PRODUCT_BUNDLE_IDENTIFIER = Becky.UIImagePickerController;
				PRODUCT_NAME = "$(TARGET_NAME)";
			};
			name = Debug;
		};
		40E7456C1C4DD8A500BAD49F /* Release */ = {
			isa = XCBuildConfiguration;
			buildSettings = {
				ASSETCATALOG_COMPILER_APPICON_NAME = AppIcon;
				INFOPLIST_FILE = UIImagePickerController/Info.plist;
				LD_RUNPATH_SEARCH_PATHS = "$(inherited) @executable_path/Frameworks";
				PRODUCT_BUNDLE_IDENTIFIER = Becky.UIImagePickerController;
				PRODUCT_NAME = "$(TARGET_NAME)";
			};
			name = Release;
		};
/* End XCBuildConfiguration section */

/* Begin XCConfigurationList section */
		40E7454E1C4DD8A500BAD49F /* Build configuration list for PBXProject "UIImagePickerController" */ = {
			isa = XCConfigurationList;
			buildConfigurations = (
				40E745681C4DD8A500BAD49F /* Debug */,
				40E745691C4DD8A500BAD49F /* Release */,
			);
			defaultConfigurationIsVisible = 0;
			defaultConfigurationName = Release;
		};
		40E7456A1C4DD8A500BAD49F /* Build configuration list for PBXNativeTarget "UIImagePickerController" */ = {
			isa = XCConfigurationList;
			buildConfigurations = (
				40E7456B1C4DD8A500BAD49F /* Debug */,
				40E7456C1C4DD8A500BAD49F /* Release */,
			);
			defaultConfigurationIsVisible = 0;
		};
/* End XCConfigurationList section */
	};
	rootObject = 40E7454B1C4DD8A500BAD49F /* Project object */;
}
